{
  "pins" : [
    {
      "identity" : "openssl",
      "kind" : "remoteSourceControl",
      "location" : "https://github.com/krzyzanowskim/OpenSSL.git",
      "state" : {
        "revision" : "e7d34385da795aaaeb2212e38c7401e5c333f792",
        "version" : "3.6.1"
      }
    }
  ],
  "version" : 2
}
